// !$*UTF8*$!
{
	archiveVersion = 1;
	classes = {
	};
	objectVersion = 77;
	objects = {

/* Begin PBXBuildFile section */
		2C6962422D51161C0042419A /* TestTaskUITests.swift in Sources */ = {isa = PBXBuildFile; fileRef = 2C69623F2D51161C0042419A /* TestTaskUITests.swift */; };
		2C6962432D51161C0042419A /* TestTaskUITestsLaunchTests.swift in Sources */ = {isa = PBXBuildFile; fileRef = 2C6962402D51161C0042419A /* TestTaskUITestsLaunchTests.swift */; };
		2C69624E2D51161C0042419A /* AppDelegate.swift in Sources */ = {isa = PBXBuildFile; fileRef = 2C6962442D51161C0042419A /* AppDelegate.swift */; };
		2C69624F2D51161C0042419A /* SceneDelegate.swift in Sources */ = {isa = PBXBuildFile; fileRef = 2C6962492D51161C0042419A /* SceneDelegate.swift */; };
		2C6962502D51161C0042419A /* TestTask.xcdatamodeld in Sources */ = {isa = PBXBuildFile; fileRef = 2C69624A2D51161C0042419A /* TestTask.xcdatamodeld */; };
		2C6962522D51161C0042419A /* Assets.xcassets in Resources */ = {isa = PBXBuildFile; fileRef = 2C6962452D51161C0042419A /* Assets.xcassets */; };
		2C6962542D51161C0042419A /* LaunchScreen.storyboard in Resources */ = {isa = PBXBuildFile; fileRef = 2C6962482D51161C0042419A /* LaunchScreen.storyboard */; };
		2C6962572D51161C0042419A /* TestTaskTests.swift in Sources */ = {isa = PBXBuildFile; fileRef = 2C6962552D51161C0042419A /* TestTaskTests.swift */; };
		2C69625C2D511BE50042419A /* BitcoinRateService.swift in Sources */ = {isa = PBXBuildFile; fileRef = 2C69625B2D511BE40042419A /* BitcoinRateService.swift */; };
		2C69625F2D518D820042419A /* FlowCoordinator.swift in Sources */ = {isa = PBXBuildFile; fileRef = 2C69625E2D518D810042419A /* FlowCoordinator.swift */; };
		2C6962612D518DA30042419A /* AppFlowCoordinator.swift in Sources */ = {isa = PBXBuildFile; fileRef = 2C6962602D518D9E0042419A /* AppFlowCoordinator.swift */; };
		2C6962632D518F5B0042419A /* BitcoinDashboardViewController.swift in Sources */ = {isa = PBXBuildFile; fileRef = 2C6962622D518F480042419A /* BitcoinDashboardViewController.swift */; };
		2C6962652D518F670042419A /* BitcoinDashboardModel.swift in Sources */ = {isa = PBXBuildFile; fileRef = 2C6962642D518F620042419A /* BitcoinDashboardModel.swift */; };
		2C6962672D518FB80042419A /* NiblessViewController.swift in Sources */ = {isa = PBXBuildFile; fileRef = 2C6962662D518FB60042419A /* NiblessViewController.swift */; };
		2C69626B2D5268570042419A /* TransactionTableViewCell.swift in Sources */ = {isa = PBXBuildFile; fileRef = 2C69626A2D5268560042419A /* TransactionTableViewCell.swift */; };
		2C69626D2D526ED20042419A /* CoreDataService.swift in Sources */ = {isa = PBXBuildFile; fileRef = 2C69626C2D526ECA0042419A /* CoreDataService.swift */; };
		2C84B94B2D541EC2006C7302 /* AddTransactionViewController.swift in Sources */ = {isa = PBXBuildFile; fileRef = 2C84B94A2D541EC0006C7302 /* AddTransactionViewController.swift */; };
		2C84B94D2D541F65006C7302 /* AddTransactionModel.swift in Sources */ = {isa = PBXBuildFile; fileRef = 2C84B94C2D541F62006C7302 /* AddTransactionModel.swift */; };
		2C84B94F2D541FF9006C7302 /* TransactionCategory.swift in Sources */ = {isa = PBXBuildFile; fileRef = 2C84B94E2D541FF8006C7302 /* TransactionCategory.swift */; };
/* End PBXBuildFile section */

/* Begin PBXContainerItemProxy section */
		2C6962082D5108140042419A /* PBXContainerItemProxy */ = {
			isa = PBXContainerItemProxy;
			containerPortal = 2C6961E62D5108120042419A /* Project object */;
			proxyType = 1;
			remoteGlobalIDString = 2C6961ED2D5108120042419A;
			remoteInfo = TestTask;
		};
		2C6962122D5108140042419A /* PBXContainerItemProxy */ = {
			isa = PBXContainerItemProxy;
			containerPortal = 2C6961E62D5108120042419A /* Project object */;
			proxyType = 1;
			remoteGlobalIDString = 2C6961ED2D5108120042419A;
			remoteInfo = TestTask;
		};
/* End PBXContainerItemProxy section */

/* Begin PBXFileReference section */
		2C6961EE2D5108120042419A /* TestTask.app */ = {isa = PBXFileReference; explicitFileType = wrapper.application; includeInIndex = 0; path = TestTask.app; sourceTree = BUILT_PRODUCTS_DIR; };
		2C6962072D5108140042419A /* TestTaskTests.xctest */ = {isa = PBXFileReference; explicitFileType = wrapper.cfbundle; includeInIndex = 0; path = TestTaskTests.xctest; sourceTree = BUILT_PRODUCTS_DIR; };
		2C6962112D5108140042419A /* TestTaskUITests.xctest */ = {isa = PBXFileReference; explicitFileType = wrapper.cfbundle; includeInIndex = 0; path = TestTaskUITests.xctest; sourceTree = BUILT_PRODUCTS_DIR; };
		2C69623F2D51161C0042419A /* TestTaskUITests.swift */ = {isa = PBXFileReference; lastKnownFileType = sourcecode.swift; path = TestTaskUITests.swift; sourceTree = "<group>"; };
		2C6962402D51161C0042419A /* TestTaskUITestsLaunchTests.swift */ = {isa = PBXFileReference; lastKnownFileType = sourcecode.swift; path = TestTaskUITestsLaunchTests.swift; sourceTree = "<group>"; };
		2C6962442D51161C0042419A /* AppDelegate.swift */ = {isa = PBXFileReference; lastKnownFileType = sourcecode.swift; path = AppDelegate.swift; sourceTree = "<group>"; };
		2C6962452D51161C0042419A /* Assets.xcassets */ = {isa = PBXFileReference; lastKnownFileType = folder.assetcatalog; path = Assets.xcassets; sourceTree = "<group>"; };
		2C6962462D51161C0042419A /* Info.plist */ = {isa = PBXFileReference; lastKnownFileType = text.plist.xml; path = Info.plist; sourceTree = "<group>"; };
		2C6962472D51161C0042419A /* Base */ = {isa = PBXFileReference; lastKnownFileType = file.storyboard; name = Base; path = Base.lproj/LaunchScreen.storyboard; sourceTree = "<group>"; };
		2C6962492D51161C0042419A /* SceneDelegate.swift */ = {isa = PBXFileReference; lastKnownFileType = sourcecode.swift; path = SceneDelegate.swift; sourceTree = "<group>"; };
		2C69624D2D51161C0042419A /* TestTask.xcdatamodel */ = {isa = PBXFileReference; lastKnownFileType = wrapper.xcdatamodel; path = TestTask.xcdatamodel; sourceTree = "<group>"; };
		2C6962552D51161C0042419A /* TestTaskTests.swift */ = {isa = PBXFileReference; lastKnownFileType = sourcecode.swift; path = TestTaskTests.swift; sourceTree = "<group>"; };
		2C69625B2D511BE40042419A /* BitcoinRateService.swift */ = {isa = PBXFileReference; lastKnownFileType = sourcecode.swift; path = BitcoinRateService.swift; sourceTree = "<group>"; };
		2C69625E2D518D810042419A /* FlowCoordinator.swift */ = {isa = PBXFileReference; lastKnownFileType = sourcecode.swift; path = FlowCoordinator.swift; sourceTree = "<group>"; };
		2C6962602D518D9E0042419A /* AppFlowCoordinator.swift */ = {isa = PBXFileReference; lastKnownFileType = sourcecode.swift; path = AppFlowCoordinator.swift; sourceTree = "<group>"; };
		2C6962622D518F480042419A /* BitcoinDashboardViewController.swift */ = {isa = PBXFileReference; lastKnownFileType = sourcecode.swift; path = BitcoinDashboardViewController.swift; sourceTree = "<group>"; };
		2C6962642D518F620042419A /* BitcoinDashboardModel.swift */ = {isa = PBXFileReference; lastKnownFileType = sourcecode.swift; path = BitcoinDashboardModel.swift; sourceTree = "<group>"; };
		2C6962662D518FB60042419A /* NiblessViewController.swift */ = {isa = PBXFileReference; lastKnownFileType = sourcecode.swift; path = NiblessViewController.swift; sourceTree = "<group>"; };
		2C69626A2D5268560042419A /* TransactionTableViewCell.swift */ = {isa = PBXFileReference; lastKnownFileType = sourcecode.swift; path = TransactionTableViewCell.swift; sourceTree = "<group>"; };
		2C69626C2D526ECA0042419A /* CoreDataService.swift */ = {isa = PBXFileReference; lastKnownFileType = sourcecode.swift; path = CoreDataService.swift; sourceTree = "<group>"; };
		2C84B94A2D541EC0006C7302 /* AddTransactionViewController.swift */ = {isa = PBXFileReference; lastKnownFileType = sourcecode.swift; path = AddTransactionViewController.swift; sourceTree = "<group>"; };
		2C84B94C2D541F62006C7302 /* AddTransactionModel.swift */ = {isa = PBXFileReference; lastKnownFileType = sourcecode.swift; path = AddTransactionModel.swift; sourceTree = "<group>"; };
		2C84B94E2D541FF8006C7302 /* TransactionCategory.swift */ = {isa = PBXFileReference; lastKnownFileType = sourcecode.swift; path = TransactionCategory.swift; sourceTree = "<group>"; };
/* End PBXFileReference section */

/* Begin PBXFrameworksBuildPhase section */
		2C6961EB2D5108120042419A /* Frameworks */ = {
			isa = PBXFrameworksBuildPhase;
			buildActionMask = 2147483647;
			files = (
			);
			runOnlyForDeploymentPostprocessing = 0;
		};
		2C6962042D5108140042419A /* Frameworks */ = {
			isa = PBXFrameworksBuildPhase;
			buildActionMask = 2147483647;
			files = (
			);
			runOnlyForDeploymentPostprocessing = 0;
		};
		2C69620E2D5108140042419A /* Frameworks */ = {
			isa = PBXFrameworksBuildPhase;
			buildActionMask = 2147483647;
			files = (
			);
			runOnlyForDeploymentPostprocessing = 0;
		};
/* End PBXFrameworksBuildPhase section */

/* Begin PBXGroup section */
		2C6961E52D5108120042419A = {
			isa = PBXGroup;
			children = (
				2C69624C2D51161C0042419A /* TestTask */,
				2C6962562D51161C0042419A /* TestTaskTests */,
				2C6962412D51161C0042419A /* TestTaskUITests */,
				2C6961EF2D5108120042419A /* Products */,
			);
			sourceTree = "<group>";
		};
		2C6961EF2D5108120042419A /* Products */ = {
			isa = PBXGroup;
			children = (
				2C6961EE2D5108120042419A /* TestTask.app */,
				2C6962072D5108140042419A /* TestTaskTests.xctest */,
				2C6962112D5108140042419A /* TestTaskUITests.xctest */,
			);
			name = Products;
			sourceTree = "<group>";
		};
		2C6962412D51161C0042419A /* TestTaskUITests */ = {
			isa = PBXGroup;
			children = (
				2C69623F2D51161C0042419A /* TestTaskUITests.swift */,
				2C6962402D51161C0042419A /* TestTaskUITestsLaunchTests.swift */,
			);
			path = TestTaskUITests;
			sourceTree = "<group>";
		};
		2C69624C2D51161C0042419A /* TestTask */ = {
			isa = PBXGroup;
			children = (
				2C69625A2D511BD90042419A /* Services */,
				2C6962582D5116230042419A /* BitcoinDashboard */,
				2C6962592D5118E80042419A /* AddTransactionScreen */,
				2C69625D2D518D740042419A /* Common */,
				2C6962442D51161C0042419A /* AppDelegate.swift */,
				2C6962452D51161C0042419A /* Assets.xcassets */,
				2C6962462D51161C0042419A /* Info.plist */,
				2C6962482D51161C0042419A /* LaunchScreen.storyboard */,
				2C6962492D51161C0042419A /* SceneDelegate.swift */,
				2C69624A2D51161C0042419A /* TestTask.xcdatamodeld */,
			);
			path = TestTask;
			sourceTree = "<group>";
		};
		2C6962562D51161C0042419A /* TestTaskTests */ = {
			isa = PBXGroup;
			children = (
				2C6962552D51161C0042419A /* TestTaskTests.swift */,
			);
			path = TestTaskTests;
			sourceTree = "<group>";
		};
		2C6962582D5116230042419A /* BitcoinDashboard */ = {
			isa = PBXGroup;
			children = (
				2C6962682D5265CB0042419A /* Cell */,
				2C6962622D518F480042419A /* BitcoinDashboardViewController.swift */,
				2C6962642D518F620042419A /* BitcoinDashboardModel.swift */,
			);
			path = BitcoinDashboard;
			sourceTree = "<group>";
		};
		2C6962592D5118E80042419A /* AddTransactionScreen */ = {
			isa = PBXGroup;
			children = (
				2C84B94A2D541EC0006C7302 /* AddTransactionViewController.swift */,
				2C84B94C2D541F62006C7302 /* AddTransactionModel.swift */,
			);
			path = AddTransactionScreen;
			sourceTree = "<group>";
		};
		2C69625A2D511BD90042419A /* Services */ = {
			isa = PBXGroup;
			children = (
				2C69627E2D5272BD0042419A /* CoreData */,
				2C6962602D518D9E0042419A /* AppFlowCoordinator.swift */,
				2C69625B2D511BE40042419A /* BitcoinRateService.swift */,
			);
			path = Services;
			sourceTree = "<group>";
		};
		2C69625D2D518D740042419A /* Common */ = {
			isa = PBXGroup;
			children = (
				2C84B94E2D541FF8006C7302 /* TransactionCategory.swift */,
				2C6962662D518FB60042419A /* NiblessViewController.swift */,
				2C69625E2D518D810042419A /* FlowCoordinator.swift */,
			);
			path = Common;
			sourceTree = "<group>";
		};
		2C6962682D5265CB0042419A /* Cell */ = {
			isa = PBXGroup;
			children = (
				2C69626A2D5268560042419A /* TransactionTableViewCell.swift */,
			);
			path = Cell;
			sourceTree = "<group>";
		};
		2C69627E2D5272BD0042419A /* CoreData */ = {
			isa = PBXGroup;
			children = (
				2C69626C2D526ECA0042419A /* CoreDataService.swift */,
			);
			path = CoreData;
			sourceTree = "<group>";
		};
/* End PBXGroup section */

/* Begin PBXNativeTarget section */
		2C6961ED2D5108120042419A /* TestTask */ = {
			isa = PBXNativeTarget;
			buildConfigurationList = 2C69621A2D5108140042419A /* Build configuration list for PBXNativeTarget "TestTask" */;
			buildPhases = (
				2C6961EA2D5108120042419A /* Sources */,
				2C6961EB2D5108120042419A /* Frameworks */,
				2C6961EC2D5108120042419A /* Resources */,
			);
			buildRules = (
			);
			dependencies = (
			);
			name = TestTask;
			packageProductDependencies = (
			);
			productName = TestTask;
			productReference = 2C6961EE2D5108120042419A /* TestTask.app */;
			productType = "com.apple.product-type.application";
		};
		2C6962062D5108140042419A /* TestTaskTests */ = {
			isa = PBXNativeTarget;
			buildConfigurationList = 2C69621F2D5108140042419A /* Build configuration list for PBXNativeTarget "TestTaskTests" */;
			buildPhases = (
				2C6962032D5108140042419A /* Sources */,
				2C6962042D5108140042419A /* Frameworks */,
				2C6962052D5108140042419A /* Resources */,
			);
			buildRules = (
			);
			dependencies = (
				2C6962092D5108140042419A /* PBXTargetDependency */,
			);
			name = TestTaskTests;
			packageProductDependencies = (
			);
			productName = TestTaskTests;
			productReference = 2C6962072D5108140042419A /* TestTaskTests.xctest */;
			productType = "com.apple.product-type.bundle.unit-test";
		};
		2C6962102D5108140042419A /* TestTaskUITests */ = {
			isa = PBXNativeTarget;
			buildConfigurationList = 2C6962222D5108140042419A /* Build configuration list for PBXNativeTarget "TestTaskUITests" */;
			buildPhases = (
				2C69620D2D5108140042419A /* Sources */,
				2C69620E2D5108140042419A /* Frameworks */,
				2C69620F2D5108140042419A /* Resources */,
			);
			buildRules = (
			);
			dependencies = (
				2C6962132D5108140042419A /* PBXTargetDependency */,
			);
			name = TestTaskUITests;
			packageProductDependencies = (
			);
			productName = TestTaskUITests;
			productReference = 2C6962112D5108140042419A /* TestTaskUITests.xctest */;
			productType = "com.apple.product-type.bundle.ui-testing";
		};
/* End PBXNativeTarget section */

/* Begin PBXProject section */
		2C6961E62D5108120042419A /* Project object */ = {
			isa = PBXProject;
			attributes = {
				BuildIndependentTargetsInParallel = 1;
				LastSwiftUpdateCheck = 1620;
				LastUpgradeCheck = 1620;
				TargetAttributes = {
					2C6961ED2D5108120042419A = {
						CreatedOnToolsVersion = 16.2;
					};
					2C6962062D5108140042419A = {
						CreatedOnToolsVersion = 16.2;
						TestTargetID = 2C6961ED2D5108120042419A;
					};
					2C6962102D5108140042419A = {
						CreatedOnToolsVersion = 16.2;
						TestTargetID = 2C6961ED2D5108120042419A;
					};
				};
			};
			buildConfigurationList = 2C6961E92D5108120042419A /* Build configuration list for PBXProject "TestTask" */;
			developmentRegion = en;
			hasScannedForEncodings = 0;
			knownRegions = (
				en,
				Base,
			);
			mainGroup = 2C6961E52D5108120042419A;
			minimizedProjectReferenceProxies = 1;
			preferredProjectObjectVersion = 77;
			productRefGroup = 2C6961EF2D5108120042419A /* Products */;
			projectDirPath = "";
			projectRoot = "";
			targets = (
				2C6961ED2D5108120042419A /* TestTask */,
				2C6962062D5108140042419A /* TestTaskTests */,
				2C6962102D5108140042419A /* TestTaskUITests */,
			);
		};
/* End PBXProject section */

/* Begin PBXResourcesBuildPhase section */
		2C6961EC2D5108120042419A /* Resources */ = {
			isa = PBXResourcesBuildPhase;
			buildActionMask = 2147483647;
			files = (
				2C6962522D51161C0042419A /* Assets.xcassets in Resources */,
				2C6962542D51161C0042419A /* LaunchScreen.storyboard in Resources */,
			);
			runOnlyForDeploymentPostprocessing = 0;
		};
		2C6962052D5108140042419A /* Resources */ = {
			isa = PBXResourcesBuildPhase;
			buildActionMask = 2147483647;
			files = (
			);
			runOnlyForDeploymentPostprocessing = 0;
		};
		2C69620F2D5108140042419A /* Resources */ = {
			isa = PBXResourcesBuildPhase;
			buildActionMask = 2147483647;
			files = (
			);
			runOnlyForDeploymentPostprocessing = 0;
		};
/* End PBXResourcesBuildPhase section */

/* Begin PBXSourcesBuildPhase section */
		2C6961EA2D5108120042419A /* Sources */ = {
			isa = PBXSourcesBuildPhase;
			buildActionMask = 2147483647;
			files = (
				2C69624E2D51161C0042419A /* AppDelegate.swift in Sources */,
				2C6962612D518DA30042419A /* AppFlowCoordinator.swift in Sources */,
				2C6962652D518F670042419A /* BitcoinDashboardModel.swift in Sources */,
				2C84B94B2D541EC2006C7302 /* AddTransactionViewController.swift in Sources */,
				2C69624F2D51161C0042419A /* SceneDelegate.swift in Sources */,
				2C69625F2D518D820042419A /* FlowCoordinator.swift in Sources */,
				2C6962502D51161C0042419A /* TestTask.xcdatamodeld in Sources */,
				2C69626B2D5268570042419A /* TransactionTableViewCell.swift in Sources */,
				2C84B94F2D541FF9006C7302 /* TransactionCategory.swift in Sources */,
				2C69625C2D511BE50042419A /* BitcoinRateService.swift in Sources */,
				2C69626D2D526ED20042419A /* CoreDataService.swift in Sources */,
				2C84B94D2D541F65006C7302 /* AddTransactionModel.swift in Sources */,
				2C6962672D518FB80042419A /* NiblessViewController.swift in Sources */,
				2C6962632D518F5B0042419A /* BitcoinDashboardViewController.swift in Sources */,
			);
			runOnlyForDeploymentPostprocessing = 0;
		};
		2C6962032D5108140042419A /* Sources */ = {
			isa = PBXSourcesBuildPhase;
			buildActionMask = 2147483647;
			files = (
				2C6962572D51161C0042419A /* TestTaskTests.swift in Sources */,
			);
			runOnlyForDeploymentPostprocessing = 0;
		};
		2C69620D2D5108140042419A /* Sources */ = {
			isa = PBXSourcesBuildPhase;
			buildActionMask = 2147483647;
			files = (
				2C6962422D51161C0042419A /* TestTaskUITests.swift in Sources */,
				2C6962432D51161C0042419A /* TestTaskUITestsLaunchTests.swift in Sources */,
			);
			runOnlyForDeploymentPostprocessing = 0;
		};
/* End PBXSourcesBuildPhase section */

/* Begin PBXTargetDependency section */
		2C6962092D5108140042419A /* PBXTargetDependency */ = {
			isa = PBXTargetDependency;
			target = 2C6961ED2D5108120042419A /* TestTask */;
			targetProxy = 2C6962082D5108140042419A /* PBXContainerItemProxy */;
		};
		2C6962132D5108140042419A /* PBXTargetDependency */ = {
			isa = PBXTargetDependency;
			target = 2C6961ED2D5108120042419A /* TestTask */;
			targetProxy = 2C6962122D5108140042419A /* PBXContainerItemProxy */;
		};
/* End PBXTargetDependency section */

/* Begin PBXVariantGroup section */
		2C6962482D51161C0042419A /* LaunchScreen.storyboard */ = {
			isa = PBXVariantGroup;
			children = (
				2C6962472D51161C0042419A /* Base */,
			);
			name = LaunchScreen.storyboard;
			sourceTree = "<group>";
		};
/* End PBXVariantGroup section */

/* Begin XCBuildConfiguration section */
		2C69621B2D5108140042419A /* Debug */ = {
			isa = XCBuildConfiguration;
			buildSettings = {
				ASSETCATALOG_COMPILER_APPICON_NAME = AppIcon;
				ASSETCATALOG_COMPILER_GLOBAL_ACCENT_COLOR_NAME = AccentColor;
				CODE_SIGN_STYLE = Automatic;
				CURRENT_PROJECT_VERSION = 1;
				GENERATE_INFOPLIST_FILE = YES;
				INFOPLIST_FILE = TestTask/Info.plist;
				INFOPLIST_KEY_UIApplicationSupportsIndirectInputEvents = YES;
				INFOPLIST_KEY_UILaunchStoryboardName = LaunchScreen;
				INFOPLIST_KEY_UISupportedInterfaceOrientations = UIInterfaceOrientationPortrait;
				INFOPLIST_KEY_UISupportedInterfaceOrientations_iPad = "UIInterfaceOrientationLandscapeLeft UIInterfaceOrientationLandscapeRight UIInterfaceOrientationPortrait UIInterfaceOrientationPortraitUpsideDown";
				LD_RUNPATH_SEARCH_PATHS = (
					"$(inherited)",
					"@executable_path/Frameworks",
				);
				MARKETING_VERSION = 1.0;
				PRODUCT_BUNDLE_IDENTIFIER = TestTask.TestTask;
				PRODUCT_NAME = "$(TARGET_NAME)";
				SUPPORTED_PLATFORMS = "iphoneos iphonesimulator";
				SUPPORTS_MACCATALYST = NO;
				SUPPORTS_MAC_DESIGNED_FOR_IPHONE_IPAD = NO;
				SUPPORTS_XR_DESIGNED_FOR_IPHONE_IPAD = NO;
				SWIFT_EMIT_LOC_STRINGS = YES;
				SWIFT_VERSION = 5.0;
				TARGETED_DEVICE_FAMILY = 1;
			};
			name = Debug;
		};
		2C69621C2D5108140042419A /* Release */ = {
			isa = XCBuildConfiguration;
			buildSettings = {
				ASSETCATALOG_COMPILER_APPICON_NAME = AppIcon;
				ASSETCATALOG_COMPILER_GLOBAL_ACCENT_COLOR_NAME = AccentColor;
				CODE_SIGN_STYLE = Automatic;
				CURRENT_PROJECT_VERSION = 1;
				GENERATE_INFOPLIST_FILE = YES;
				INFOPLIST_FILE = TestTask/Info.plist;
				INFOPLIST_KEY_UIApplicationSupportsIndirectInputEvents = YES;
				INFOPLIST_KEY_UILaunchStoryboardName = LaunchScreen;
				INFOPLIST_KEY_UISupportedInterfaceOrientations = UIInterfaceOrientationPortrait;
				INFOPLIST_KEY_UISupportedInterfaceOrientations_iPad = "UIInterfaceOrientationLandscapeLeft UIInterfaceOrientationLandscapeRight UIInterfaceOrientationPortrait UIInterfaceOrientationPortraitUpsideDown";
				LD_RUNPATH_SEARCH_PATHS = (
					"$(inherited)",
					"@executable_path/Frameworks",
				);
				MARKETING_VERSION = 1.0;
				PRODUCT_BUNDLE_IDENTIFIER = TestTask.TestTask;
				PRODUCT_NAME = "$(TARGET_NAME)";
				SUPPORTED_PLATFORMS = "iphoneos iphonesimulator";
				SUPPORTS_MACCATALYST = NO;
				SUPPORTS_MAC_DESIGNED_FOR_IPHONE_IPAD = NO;
				SUPPORTS_XR_DESIGNED_FOR_IPHONE_IPAD = NO;
				SWIFT_EMIT_LOC_STRINGS = YES;
				SWIFT_VERSION = 5.0;
				TARGETED_DEVICE_FAMILY = 1;
			};
			name = Release;
		};
		2C69621D2D5108140042419A /* Debug */ = {
			isa = XCBuildConfiguration;
			buildSettings = {
				ALWAYS_SEARCH_USER_PATHS = NO;
				ASSETCATALOG_COMPILER_GENERATE_SWIFT_ASSET_SYMBOL_EXTENSIONS = YES;
				CLANG_ANALYZER_NONNULL = YES;
				CLANG_ANALYZER_NUMBER_OBJECT_CONVERSION = YES_AGGRESSIVE;
				CLANG_CXX_LANGUAGE_STANDARD = "gnu++20";
				CLANG_ENABLE_MODULES = YES;
				CLANG_ENABLE_OBJC_ARC = YES;
				CLANG_ENABLE_OBJC_WEAK = YES;
				CLANG_WARN_BLOCK_CAPTURE_AUTORELEASING = YES;
				CLANG_WARN_BOOL_CONVERSION = YES;
				CLANG_WARN_COMMA = YES;
				CLANG_WARN_CONSTANT_CONVERSION = YES;
				CLANG_WARN_DEPRECATED_OBJC_IMPLEMENTATIONS = YES;
				CLANG_WARN_DIRECT_OBJC_ISA_USAGE = YES_ERROR;
				CLANG_WARN_DOCUMENTATION_COMMENTS = YES;
				CLANG_WARN_EMPTY_BODY = YES;
				CLANG_WARN_ENUM_CONVERSION = YES;
				CLANG_WARN_INFINITE_RECURSION = YES;
				CLANG_WARN_INT_CONVERSION = YES;
				CLANG_WARN_NON_LITERAL_NULL_CONVERSION = YES;
				CLANG_WARN_OBJC_IMPLICIT_RETAIN_SELF = YES;
				CLANG_WARN_OBJC_LITERAL_CONVERSION = YES;
				CLANG_WARN_OBJC_ROOT_CLASS = YES_ERROR;
				CLANG_WARN_QUOTED_INCLUDE_IN_FRAMEWORK_HEADER = YES;
				CLANG_WARN_RANGE_LOOP_ANALYSIS = YES;
				CLANG_WARN_STRICT_PROTOTYPES = YES;
				CLANG_WARN_SUSPICIOUS_MOVE = YES;
				CLANG_WARN_UNGUARDED_AVAILABILITY = YES_AGGRESSIVE;
				CLANG_WARN_UNREACHABLE_CODE = YES;
				CLANG_WARN__DUPLICATE_METHOD_MATCH = YES;
				COPY_PHASE_STRIP = NO;
				DEBUG_INFORMATION_FORMAT = dwarf;
				ENABLE_STRICT_OBJC_MSGSEND = YES;
				ENABLE_TESTABILITY = YES;
				ENABLE_USER_SCRIPT_SANDBOXING = YES;
				GCC_C_LANGUAGE_STANDARD = gnu17;
				GCC_DYNAMIC_NO_PIC = NO;
				GCC_NO_COMMON_BLOCKS = YES;
				GCC_OPTIMIZATION_LEVEL = 0;
				GCC_PREPROCESSOR_DEFINITIONS = (
					"DEBUG=1",
					"$(inherited)",
				);
				GCC_WARN_64_TO_32_BIT_CONVERSION = YES;
				GCC_WARN_ABOUT_RETURN_TYPE = YES_ERROR;
				GCC_WARN_UNDECLARED_SELECTOR = YES;
				GCC_WARN_UNINITIALIZED_AUTOS = YES_AGGRESSIVE;
				GCC_WARN_UNUSED_FUNCTION = YES;
				GCC_WARN_UNUSED_VARIABLE = YES;
				IPHONEOS_DEPLOYMENT_TARGET = 18.2;
				LOCALIZATION_PREFERS_STRING_CATALOGS = YES;
				MTL_ENABLE_DEBUG_INFO = INCLUDE_SOURCE;
				MTL_FAST_MATH = YES;
				ONLY_ACTIVE_ARCH = YES;
				SDKROOT = iphoneos;
				SWIFT_ACTIVE_COMPILATION_CONDITIONS = "DEBUG $(inherited)";
				SWIFT_OPTIMIZATION_LEVEL = "-Onone";
			};
			name = Debug;
		};
		2C69621E2D5108140042419A /* Release */ = {
			isa = XCBuildConfiguration;
			buildSettings = {
				ALWAYS_SEARCH_USER_PATHS = NO;
				ASSETCATALOG_COMPILER_GENERATE_SWIFT_ASSET_SYMBOL_EXTENSIONS = YES;
				CLANG_ANALYZER_NONNULL = YES;
				CLANG_ANALYZER_NUMBER_OBJECT_CONVERSION = YES_AGGRESSIVE;
				CLANG_CXX_LANGUAGE_STANDARD = "gnu++20";
				CLANG_ENABLE_MODULES = YES;
				CLANG_ENABLE_OBJC_ARC = YES;
				CLANG_ENABLE_OBJC_WEAK = YES;
				CLANG_WARN_BLOCK_CAPTURE_AUTORELEASING = YES;
				CLANG_WARN_BOOL_CONVERSION = YES;
				CLANG_WARN_COMMA = YES;
				CLANG_WARN_CONSTANT_CONVERSION = YES;
				CLANG_WARN_DEPRECATED_OBJC_IMPLEMENTATIONS = YES;
				CLANG_WARN_DIRECT_OBJC_ISA_USAGE = YES_ERROR;
				CLANG_WARN_DOCUMENTATION_COMMENTS = YES;
				CLANG_WARN_EMPTY_BODY = YES;
				CLANG_WARN_ENUM_CONVERSION = YES;
				CLANG_WARN_INFINITE_RECURSION = YES;
				CLANG_WARN_INT_CONVERSION = YES;
				CLANG_WARN_NON_LITERAL_NULL_CONVERSION = YES;
				CLANG_WARN_OBJC_IMPLICIT_RETAIN_SELF = YES;
				CLANG_WARN_OBJC_LITERAL_CONVERSION = YES;
				CLANG_WARN_OBJC_ROOT_CLASS = YES_ERROR;
				CLANG_WARN_QUOTED_INCLUDE_IN_FRAMEWORK_HEADER = YES;
				CLANG_WARN_RANGE_LOOP_ANALYSIS = YES;
				CLANG_WARN_STRICT_PROTOTYPES = YES;
				CLANG_WARN_SUSPICIOUS_MOVE = YES;
				CLANG_WARN_UNGUARDED_AVAILABILITY = YES_AGGRESSIVE;
				CLANG_WARN_UNREACHABLE_CODE = YES;
				CLANG_WARN__DUPLICATE_METHOD_MATCH = YES;
				COPY_PHASE_STRIP = NO;
				DEBUG_INFORMATION_FORMAT = "dwarf-with-dsym";
				ENABLE_NS_ASSERTIONS = NO;
				ENABLE_STRICT_OBJC_MSGSEND = YES;
				ENABLE_USER_SCRIPT_SANDBOXING = YES;
				GCC_C_LANGUAGE_STANDARD = gnu17;
				GCC_NO_COMMON_BLOCKS = YES;
				GCC_WARN_64_TO_32_BIT_CONVERSION = YES;
				GCC_WARN_ABOUT_RETURN_TYPE = YES_ERROR;
				GCC_WARN_UNDECLARED_SELECTOR = YES;
				GCC_WARN_UNINITIALIZED_AUTOS = YES_AGGRESSIVE;
				GCC_WARN_UNUSED_FUNCTION = YES;
				GCC_WARN_UNUSED_VARIABLE = YES;
				IPHONEOS_DEPLOYMENT_TARGET = 18.2;
				LOCALIZATION_PREFERS_STRING_CATALOGS = YES;
				MTL_ENABLE_DEBUG_INFO = NO;
				MTL_FAST_MATH = YES;
				SDKROOT = iphoneos;
				SWIFT_COMPILATION_MODE = wholemodule;
				VALIDATE_PRODUCT = YES;
			};
			name = Release;
		};
		2C6962202D5108140042419A /* Debug */ = {
			isa = XCBuildConfiguration;
			buildSettings = {
				BUNDLE_LOADER = "$(TEST_HOST)";
				CODE_SIGN_STYLE = Automatic;
				CURRENT_PROJECT_VERSION = 1;
				GENERATE_INFOPLIST_FILE = YES;
				IPHONEOS_DEPLOYMENT_TARGET = 18.2;
				MARKETING_VERSION = 1.0;
				PRODUCT_BUNDLE_IDENTIFIER = TestTask.TestTaskTests;
				PRODUCT_NAME = "$(TARGET_NAME)";
				SUPPORTED_PLATFORMS = "iphoneos iphonesimulator";
				SUPPORTS_MACCATALYST = NO;
				SUPPORTS_MAC_DESIGNED_FOR_IPHONE_IPAD = NO;
				SUPPORTS_XR_DESIGNED_FOR_IPHONE_IPAD = NO;
				SWIFT_EMIT_LOC_STRINGS = NO;
				SWIFT_VERSION = 5.0;
				TARGETED_DEVICE_FAMILY = 1;
				TEST_HOST = "$(BUILT_PRODUCTS_DIR)/TestTask.app/$(BUNDLE_EXECUTABLE_FOLDER_PATH)/TestTask";
			};
			name = Debug;
		};
		2C6962212D5108140042419A /* Release */ = {
			isa = XCBuildConfiguration;
			buildSettings = {
				BUNDLE_LOADER = "$(TEST_HOST)";
				CODE_SIGN_STYLE = Automatic;
				CURRENT_PROJECT_VERSION = 1;
				GENERATE_INFOPLIST_FILE = YES;
				IPHONEOS_DEPLOYMENT_TARGET = 18.2;
				MARKETING_VERSION = 1.0;
				PRODUCT_BUNDLE_IDENTIFIER = TestTask.TestTaskTests;
				PRODUCT_NAME = "$(TARGET_NAME)";
				SUPPORTED_PLATFORMS = "iphoneos iphonesimulator";
				SUPPORTS_MACCATALYST = NO;
				SUPPORTS_MAC_DESIGNED_FOR_IPHONE_IPAD = NO;
				SUPPORTS_XR_DESIGNED_FOR_IPHONE_IPAD = NO;
				SWIFT_EMIT_LOC_STRINGS = NO;
				SWIFT_VERSION = 5.0;
				TARGETED_DEVICE_FAMILY = 1;
				TEST_HOST = "$(BUILT_PRODUCTS_DIR)/TestTask.app/$(BUNDLE_EXECUTABLE_FOLDER_PATH)/TestTask";
			};
			name = Release;
		};
		2C6962232D5108140042419A /* Debug */ = {
			isa = XCBuildConfiguration;
			buildSettings = {
				CODE_SIGN_STYLE = Automatic;
				CURRENT_PROJECT_VERSION = 1;
				GENERATE_INFOPLIST_FILE = YES;
				MARKETING_VERSION = 1.0;
				PRODUCT_BUNDLE_IDENTIFIER = TestTask.TestTaskUITests;
				PRODUCT_NAME = "$(TARGET_NAME)";
				SUPPORTED_PLATFORMS = "iphoneos iphonesimulator";
				SUPPORTS_MACCATALYST = NO;
				SUPPORTS_MAC_DESIGNED_FOR_IPHONE_IPAD = NO;
				SUPPORTS_XR_DESIGNED_FOR_IPHONE_IPAD = NO;
				SWIFT_EMIT_LOC_STRINGS = NO;
				SWIFT_VERSION = 5.0;
				TARGETED_DEVICE_FAMILY = 1;
				TEST_TARGET_NAME = TestTask;
			};
			name = Debug;
		};
		2C6962242D5108140042419A /* Release */ = {
			isa = XCBuildConfiguration;
			buildSettings = {
				CODE_SIGN_STYLE = Automatic;
				CURRENT_PROJECT_VERSION = 1;
				GENERATE_INFOPLIST_FILE = YES;
				MARKETING_VERSION = 1.0;
				PRODUCT_BUNDLE_IDENTIFIER = TestTask.TestTaskUITests;
				PRODUCT_NAME = "$(TARGET_NAME)";
				SUPPORTED_PLATFORMS = "iphoneos iphonesimulator";
				SUPPORTS_MACCATALYST = NO;
				SUPPORTS_MAC_DESIGNED_FOR_IPHONE_IPAD = NO;
				SUPPORTS_XR_DESIGNED_FOR_IPHONE_IPAD = NO;
				SWIFT_EMIT_LOC_STRINGS = NO;
				SWIFT_VERSION = 5.0;
				TARGETED_DEVICE_FAMILY = 1;
				TEST_TARGET_NAME = TestTask;
			};
			name = Release;
		};
/* End XCBuildConfiguration section */

/* Begin XCConfigurationList section */
		2C6961E92D5108120042419A /* Build configuration list for PBXProject "TestTask" */ = {
			isa = XCConfigurationList;
			buildConfigurations = (
				2C69621D2D5108140042419A /* Debug */,
				2C69621E2D5108140042419A /* Release */,
			);
			defaultConfigurationIsVisible = 0;
			defaultConfigurationName = Release;
		};
		2C69621A2D5108140042419A /* Build configuration list for PBXNativeTarget "TestTask" */ = {
			isa = XCConfigurationList;
			buildConfigurations = (
				2C69621B2D5108140042419A /* Debug */,
				2C69621C2D5108140042419A /* Release */,
			);
			defaultConfigurationIsVisible = 0;
			defaultConfigurationName = Release;
		};
		2C69621F2D5108140042419A /* Build configuration list for PBXNativeTarget "TestTaskTests" */ = {
			isa = XCConfigurationList;
			buildConfigurations = (
				2C6962202D5108140042419A /* Debug */,
				2C6962212D5108140042419A /* Release */,
			);
			defaultConfigurationIsVisible = 0;
			defaultConfigurationName = Release;
		};
		2C6962222D5108140042419A /* Build configuration list for PBXNativeTarget "TestTaskUITests" */ = {
			isa = XCConfigurationList;
			buildConfigurations = (
				2C6962232D5108140042419A /* Debug */,
				2C6962242D5108140042419A /* Release */,
			);
			defaultConfigurationIsVisible = 0;
			defaultConfigurationName = Release;
		};
/* End XCConfigurationList section */

/* Begin XCVersionGroup section */
		2C69624A2D51161C0042419A /* TestTask.xcdatamodeld */ = {
			isa = XCVersionGroup;
			children = (
				2C69624D2D51161C0042419A /* TestTask.xcdatamodel */,
			);
			currentVersion = 2C69624D2D51161C0042419A /* TestTask.xcdatamodel */;
			path = TestTask.xcdatamodeld;
			sourceTree = "<group>";
			versionGroupType = wrapper.xcdatamodel;
		};
/* End XCVersionGroup section */
	};
	rootObject = 2C6961E62D5108120042419A /* Project object */;
}
